{
  "version": 4,
  "terraform_version": "0.12.12",
  "serial": 23,
  "lineage": "037fe204-3d3a-204c-9c67-2cdeba4540a9",
  "outputs": {},
  "resources": [
    {
      "module": "module.pubsub2",
      "mode": "managed",
      "type": "google_pubsub_subscription",
      "name": "pull_subscriptions",
      "each": "list",
      "provider": "provider.google",
      "instances": []
    },
    {
      "module": "module.pubsub1",
      "mode": "managed",
      "type": "google_pubsub_subscription",
      "name": "pull_subscriptions",
      "each": "list",
      "provider": "provider.google",
      "instances": [
        {
          "index_key": 0,
          "schema_version": 0,
          "attributes": {
            "ack_deadline_seconds": 10,
            "expiration_policy": [
              {
                "ttl": "2678400s"
              }
            ],
            "id": "projects/wise-trainer-256913/subscriptions/pull",
            "labels": null,
            "message_retention_duration": "604800s",
            "name": "pull",
            "path": "projects/wise-trainer-256913/subscriptions/pull",
            "project": "wise-trainer-256913",
            "push_config": [],
            "retain_acked_messages": false,
            "timeouts": null,
            "topic": "projects/wise-trainer-256913/topics/test_topic-1"
          },
          "private": "eyJlMmJmYjczMC1lY2FhLTExZTYtOGY4OC0zNDM2M2JjN2M0YzAiOnsiY3JlYXRlIjoyNDAwMDAwMDAwMDAsImRlbGV0ZSI6MjQwMDAwMDAwMDAwLCJ1cGRhdGUiOjI0MDAwMDAwMDAwMH19",
          "depends_on": [
            "google_pubsub_topic.topic"
          ]
        }
      ]
    },
    {
      "module": "module.pubsub2",
      "mode": "managed",
      "type": "google_pubsub_subscription",
      "name": "push_subscriptions",
      "each": "list",
      "provider": "provider.google",
      "instances": []
    },
    {
      "module": "module.pubsub1",
      "mode": "managed",
      "type": "google_pubsub_subscription",
      "name": "push_subscriptions",
      "each": "list",
      "provider": "provider.google",
      "instances": [
        {
          "index_key": 0,
          "schema_version": 0,
          "attributes": {
            "ack_deadline_seconds": 20,
            "expiration_policy": [
              {
                "ttl": "2678400s"
              }
            ],
            "id": "projects/wise-trainer-256913/subscriptions/push",
            "labels": null,
            "message_retention_duration": "604800s",
            "name": "push",
            "path": "projects/wise-trainer-256913/subscriptions/push",
            "project": "wise-trainer-256913",
            "push_config": [
              {
                "attributes": {},
                "push_endpoint": "https://wise-trainer-256913.appspot.com/"
              }
            ],
            "retain_acked_messages": false,
            "timeouts": null,
            "topic": "projects/wise-trainer-256913/topics/test_topic-1"
          },
          "private": "eyJlMmJmYjczMC1lY2FhLTExZTYtOGY4OC0zNDM2M2JjN2M0YzAiOnsiY3JlYXRlIjoyNDAwMDAwMDAwMDAsImRlbGV0ZSI6MjQwMDAwMDAwMDAwLCJ1cGRhdGUiOjI0MDAwMDAwMDAwMH19",
          "depends_on": [
            "google_pubsub_topic.topic"
          ]
        }
      ]
    },
    {
      "module": "module.pubsub2",
      "mode": "managed",
      "type": "google_pubsub_topic",
      "name": "topic",
      "provider": "provider.google",
      "instances": [
        {
          "schema_version": 0,
          "attributes": {
            "id": "projects/wise-trainer-256913/topics/test_topic-2",
            "kms_key_name": "",
            "labels": null,
            "message_storage_policy": [],
            "name": "test_topic-2",
            "project": "wise-trainer-256913",
            "timeouts": null
          },
          "private": "eyJlMmJmYjczMC1lY2FhLTExZTYtOGY4OC0zNDM2M2JjN2M0YzAiOnsiY3JlYXRlIjoyNDAwMDAwMDAwMDAsImRlbGV0ZSI6MjQwMDAwMDAwMDAwLCJ1cGRhdGUiOjI0MDAwMDAwMDAwMH19"
        }
      ]
    },
    {
      "module": "module.pubsub1",
      "mode": "managed",
      "type": "google_pubsub_topic",
      "name": "topic",
      "provider": "provider.google",
      "instances": [
        {
          "schema_version": 0,
          "attributes": {
            "id": "projects/wise-trainer-256913/topics/test_topic-1",
            "kms_key_name": "",
            "labels": null,
            "message_storage_policy": [],
            "name": "test_topic-1",
            "project": "wise-trainer-256913",
            "timeouts": null
          },
          "private": "eyJlMmJmYjczMC1lY2FhLTExZTYtOGY4OC0zNDM2M2JjN2M0YzAiOnsiY3JlYXRlIjoyNDAwMDAwMDAwMDAsImRlbGV0ZSI6MjQwMDAwMDAwMDAwLCJ1cGRhdGUiOjI0MDAwMDAwMDAwMH19"
        }
      ]
    }
  ]
}
